
Microsoft Visual Studio Solution File, Format Version 12.00
# Visual Studio 15
VisualStudioVersion = 15.0.26430.12
MinimumVisualStudioVersion = 10.0.40219.1
Project("{FAE04EC0-301F-11D3-BF4B-00C04F79EFBC}") = "Updater", "Updater\Updater.csproj", "{0B62CD8A-4BFF-4CDF-8C2B-EB6346DC0BBC}"
EndProject
Global
	GlobalSection(SolutionConfigurationPlatforms) = preSolution
		Debug|Any CPU = Debug|Any CPU
		Release|Any CPU = Release|Any CPU
	EndGlobalSection
	GlobalSection(ProjectConfigurationPlatforms) = postSolution
		{0B62CD8A-4BFF-4CDF-8C2B-EB6346DC0BBC}.Debug|Any CPU.ActiveCfg = Debug|Any CPU
		{0B62CD8A-4BFF-4CDF-8C2B-EB6346DC0BBC}.Debug|Any CPU.Build.0 = Debug|Any CPU
		{0B62CD8A-4BFF-4CDF-8C2B-EB6346DC0BBC}.Release|Any CPU.ActiveCfg = Release|Any CPU
		{0B62CD8A-4BFF-4CDF-8C2B-EB6346DC0BBC}.Release|Any CPU.Build.0 = Release|Any CPU
	EndGlobalSection
	GlobalSection(SolutionProperties) = preSolution
		HideSolutionNode = FALSE
	EndGlobalSection
EndGlobal
